# THIS IS AN AUTOGENERATED FILE. DO NOT EDIT THIS FILE DIRECTLY.
# yarn lockfile v1


uview-ui@2.0.31:
  version "2.0.31"
  resolved "https://registry.yarnpkg.com/uview-ui/-/uview-ui-2.0.31.tgz#85679c0ef7ecfde0672d4ef74af813506ea1bcca"
  integrity sha512-I/0fGuvtiKHH/mBb864SGYk+SJ7WaF32tsBgYgeBOsxlUp+Th+Ac2tgz2cTvsQJl6eZYWsKZ3ixiSXCAcxZ8Sw==
